# THIS IS AN AUTOGENERATED FILE. DO NOT EDIT THIS FILE DIRECTLY.
# yarn lockfile v1


"@farfetched/runtypes@^0.12.4":
  version "0.12.4"
  resolved "https://registry.yarnpkg.com/@farfetched/runtypes/-/runtypes-0.12.4.tgz#17cb0c80fbc03386cb311b2edaad365575b1ce48"
  integrity sha512-x7lCiDzX25aSY15TrFtUaUMwJUsClcWphEMoGuPGo0akclCFJw9x2tki/W4vXJomcg6HFjaMbv11w/F1XUMbUA==

runtypes@^6.7.0:
  version "6.7.0"
  resolved "https://registry.yarnpkg.com/runtypes/-/runtypes-6.7.0.tgz#5ffc7e3a51142639d8a8e0155ef4bb8c2ae4c54b"
  integrity sha512-3TLdfFX8YHNFOhwHrSJza6uxVBmBrEjnNQlNXvXCdItS0Pdskfg5vVXUTWIN+Y23QR09jWpSl99UHkA83m4uWA==
